
Microsoft Visual Studio Solution File, Format Version 12.00
# Visual Studio Version 17
VisualStudioVersion = 17.5.002.0
MinimumVisualStudioVersion = 10.0.40219.1
Project("{9A19103F-16F7-4668-BE54-9A1E7A4F7556}") = "ProjAPI", "ProjAPI\ProjAPI.csproj", "{665DB2E6-887F-4F22-B4FF-D69D76F82BBD}"
EndProject
Global
	GlobalSection(SolutionConfigurationPlatforms) = preSolution
		Debug|Any CPU = Debug|Any CPU
		Release|Any CPU = Release|Any CPU
	EndGlobalSection
	GlobalSection(ProjectConfigurationPlatforms) = postSolution
		{665DB2E6-887F-4F22-B4FF-D69D76F82BBD}.Debug|Any CPU.ActiveCfg = Debug|Any CPU
		{665DB2E6-887F-4F22-B4FF-D69D76F82BBD}.Debug|Any CPU.Build.0 = Debug|Any CPU
		{665DB2E6-887F-4F22-B4FF-D69D76F82BBD}.Release|Any CPU.ActiveCfg = Release|Any CPU
		{665DB2E6-887F-4F22-B4FF-D69D76F82BBD}.Release|Any CPU.Build.0 = Release|Any CPU
	EndGlobalSection
	GlobalSection(SolutionProperties) = preSolution
		HideSolutionNode = FALSE
	EndGlobalSection
	GlobalSection(ExtensibilityGlobals) = postSolution
		SolutionGuid = {A5C65167-3CD0-40D3-A53F-55E0C9B21926}
	EndGlobalSection
EndGlobal
